
Microsoft Visual Studio Solution File, Format Version 12.00
# Visual Studio 15
VisualStudioVersion = 15.0.26430.14
MinimumVisualStudioVersion = 10.0.40219.1
Project("{FAE04EC0-301F-11D3-BF4B-00C04F79EFBC}") = "deathPb", "deathPb\deathPb.csproj", "{351FC4FD-314E-42FA-881E-B7869C52FCEA}"
EndProject
Global
	GlobalSection(SolutionConfigurationPlatforms) = preSolution
		Debug|Any CPU = Debug|Any CPU
		Release|Any CPU = Release|Any CPU
	EndGlobalSection
	GlobalSection(ProjectConfigurationPlatforms) = postSolution
		{351FC4FD-314E-42FA-881E-B7869C52FCEA}.Debug|Any CPU.ActiveCfg = Debug|Any CPU
		{351FC4FD-314E-42FA-881E-B7869C52FCEA}.Debug|Any CPU.Build.0 = Debug|Any CPU
		{351FC4FD-314E-42FA-881E-B7869C52FCEA}.Release|Any CPU.ActiveCfg = Release|Any CPU
		{351FC4FD-314E-42FA-881E-B7869C52FCEA}.Release|Any CPU.Build.0 = Release|Any CPU
	EndGlobalSection
	GlobalSection(SolutionProperties) = preSolution
		HideSolutionNode = FALSE
	EndGlobalSection
EndGlobal
